%{"certifi": {:hex, :certifi, "0.4.0"},
  "connection": {:hex, :connection, "1.0.2"},
  "cowboy": {:hex, :cowboy, "1.0.4"},
  "cowlib": {:hex, :cowlib, "1.0.2"},
  "db_connection": {:hex, :db_connection, "0.2.5"},
  "decimal": {:hex, :decimal, "1.1.2"},
  "earmark": {:hex, :earmark, "0.2.1"},
  "ecto": {:hex, :ecto, "1.1.5"},
  "fs": {:hex, :fs, "0.9.2"},
  "gettext": {:hex, :gettext, "0.11.0"},
  "hackney": {:hex, :hackney, "1.6.0"},
  "idna": {:hex, :idna, "1.2.0"},
  "metrics": {:hex, :metrics, "1.0.1"},
  "mimerl": {:hex, :mimerl, "1.0.2"},
  "phoenix": {:git, "https://github.com/phoenixframework/phoenix.git", "6350e7052548c939b572dbf6d5556c88bed4212d", []},
  "phoenix_ecto": {:hex, :phoenix_ecto, "2.0.1"},
  "phoenix_html": {:hex, :phoenix_html, "2.5.1"},
  "phoenix_live_reload": {:git, "https://github.com/phoenixframework/phoenix_live_reload.git", "c96509fc2100cca1eb03725711702426a730dec5", []},
  "phoenix_pubsub": {:git, "https://github.com/phoenixframework/phoenix_pubsub.git", "c9cd6aadd70f462ee43dc8191e0e30a58c138c97", []},
  "plug": {:hex, :plug, "1.1.4"},
  "plug_ribbon": {:hex, :plug_ribbon, "0.2.1"},
  "poison": {:hex, :poison, "1.5.2"},
  "poolboy": {:hex, :poolboy, "1.5.1"},
  "postgrex": {:hex, :postgrex, "0.11.1"},
  "ranch": {:hex, :ranch, "1.2.1"},
  "ssl_verify_fun": {:hex, :ssl_verify_fun, "1.1.0"},
  "troxy": {:git, "https://gitlab.com/davoclavo/troxy.git", "99a610fc8678f7b35a6ad4894f2029bbaa035527", []}}
